// !$*UTF8*$!
{
	archiveVersion = 1;
	classes = {
	};
	objectVersion = 50;
	objects = {

/* Begin PBXBuildFile section */
		F66B210E20F88E700027D8EA /* AppDelegate.swift in Sources */ = {isa = PBXBuildFile; fileRef = F66B210D20F88E700027D8EA /* AppDelegate.swift */; };
		F66B211020F88E700027D8EA /* ViewController.swift in Sources */ = {isa = PBXBuildFile; fileRef = F66B210F20F88E700027D8EA /* ViewController.swift */; };
		F66B211320F88E700027D8EA /* Main.storyboard in Resources */ = {isa = PBXBuildFile; fileRef = F66B211120F88E700027D8EA /* Main.storyboard */; };
		F66B211620F88E700027D8EA /* AnimalsNeedHome.xcdatamodeld in Sources */ = {isa = PBXBuildFile; fileRef = F66B211420F88E700027D8EA /* AnimalsNeedHome.xcdatamodeld */; };
		F66B211820F88E710027D8EA /* Assets.xcassets in Resources */ = {isa = PBXBuildFile; fileRef = F66B211720F88E710027D8EA /* Assets.xcassets */; };
		F66B211B20F88E710027D8EA /* LaunchScreen.storyboard in Resources */ = {isa = PBXBuildFile; fileRef = F66B211920F88E710027D8EA /* LaunchScreen.storyboard */; };
		F66B212320F896290027D8EA /* GenderViewController.swift in Sources */ = {isa = PBXBuildFile; fileRef = F66B212220F896290027D8EA /* GenderViewController.swift */; };
		F66B212520F8A3360027D8EA /* YearViewController.swift in Sources */ = {isa = PBXBuildFile; fileRef = F66B212420F8A3360027D8EA /* YearViewController.swift */; };
		F66B212720F8A42F0027D8EA /* Animals.swift in Sources */ = {isa = PBXBuildFile; fileRef = F66B212620F8A42F0027D8EA /* Animals.swift */; };
		F66B212920F8AD630027D8EA /* AnimalsTableViewController.swift in Sources */ = {isa = PBXBuildFile; fileRef = F66B212820F8AD630027D8EA /* AnimalsTableViewController.swift */; };
		F66B212B20F8ADE90027D8EA /* AnimalsTableViewCell.swift in Sources */ = {isa = PBXBuildFile; fileRef = F66B212A20F8ADE90027D8EA /* AnimalsTableViewCell.swift */; };
		F66B212D20F8B0550027D8EA /* AnimalData.swift in Sources */ = {isa = PBXBuildFile; fileRef = F66B212C20F8B0550027D8EA /* AnimalData.swift */; };
		F66B212F20FC66BE0027D8EA /* WebViewController.swift in Sources */ = {isa = PBXBuildFile; fileRef = F66B212E20FC66BE0027D8EA /* WebViewController.swift */; };
		F66B213120FC86B10027D8EA /* MapKit.framework in Frameworks */ = {isa = PBXBuildFile; fileRef = F66B213020FC86B10027D8EA /* MapKit.framework */; };
		F66B213320FC87ED0027D8EA /* MapViewController.swift in Sources */ = {isa = PBXBuildFile; fileRef = F66B213220FC87ED0027D8EA /* MapViewController.swift */; };
		FA3E6ED3C4359590E4979380 /* Pods_AnimalsNeedHome.framework in Frameworks */ = {isa = PBXBuildFile; fileRef = FB497DD03DDAFFF4DBD3CFFD /* Pods_AnimalsNeedHome.framework */; };
/* End PBXBuildFile section */

/* Begin PBXFileReference section */
		2E701BA3F711B69BD8F3D710 /* Pods-AnimalsNeedHome.release.xcconfig */ = {isa = PBXFileReference; includeInIndex = 1; lastKnownFileType = text.xcconfig; name = "Pods-AnimalsNeedHome.release.xcconfig"; path = "Pods/Target Support Files/Pods-AnimalsNeedHome/Pods-AnimalsNeedHome.release.xcconfig"; sourceTree = "<group>"; };
		8F92EB4FE1958AF79179A322 /* Pods-AnimalsNeedHome.debug.xcconfig */ = {isa = PBXFileReference; includeInIndex = 1; lastKnownFileType = text.xcconfig; name = "Pods-AnimalsNeedHome.debug.xcconfig"; path = "Pods/Target Support Files/Pods-AnimalsNeedHome/Pods-AnimalsNeedHome.debug.xcconfig"; sourceTree = "<group>"; };
		F6113F5321C1159E00531FBE /* AnimalsNeedHome.entitlements */ = {isa = PBXFileReference; lastKnownFileType = text.plist.entitlements; path = AnimalsNeedHome.entitlements; sourceTree = "<group>"; };
		F66B210A20F88E700027D8EA /* AnimalsNeedHome.app */ = {isa = PBXFileReference; explicitFileType = wrapper.application; includeInIndex = 0; path = AnimalsNeedHome.app; sourceTree = BUILT_PRODUCTS_DIR; };
		F66B210D20F88E700027D8EA /* AppDelegate.swift */ = {isa = PBXFileReference; lastKnownFileType = sourcecode.swift; path = AppDelegate.swift; sourceTree = "<group>"; };
		F66B210F20F88E700027D8EA /* ViewController.swift */ = {isa = PBXFileReference; lastKnownFileType = sourcecode.swift; path = ViewController.swift; sourceTree = "<group>"; };
		F66B211220F88E700027D8EA /* Base */ = {isa = PBXFileReference; lastKnownFileType = file.storyboard; name = Base; path = Base.lproj/Main.storyboard; sourceTree = "<group>"; };
		F66B211520F88E700027D8EA /* AnimalsNeedHome.xcdatamodel */ = {isa = PBXFileReference; lastKnownFileType = wrapper.xcdatamodel; path = AnimalsNeedHome.xcdatamodel; sourceTree = "<group>"; };
		F66B211720F88E710027D8EA /* Assets.xcassets */ = {isa = PBXFileReference; lastKnownFileType = folder.assetcatalog; path = Assets.xcassets; sourceTree = "<group>"; };
		F66B211A20F88E710027D8EA /* Base */ = {isa = PBXFileReference; lastKnownFileType = file.storyboard; name = Base; path = Base.lproj/LaunchScreen.storyboard; sourceTree = "<group>"; };
		F66B211C20F88E710027D8EA /* Info.plist */ = {isa = PBXFileReference; lastKnownFileType = text.plist.xml; path = Info.plist; sourceTree = "<group>"; };
		F66B212220F896290027D8EA /* GenderViewController.swift */ = {isa = PBXFileReference; lastKnownFileType = sourcecode.swift; path = GenderViewController.swift; sourceTree = "<group>"; };
		F66B212420F8A3360027D8EA /* YearViewController.swift */ = {isa = PBXFileReference; lastKnownFileType = sourcecode.swift; path = YearViewController.swift; sourceTree = "<group>"; };
		F66B212620F8A42F0027D8EA /* Animals.swift */ = {isa = PBXFileReference; lastKnownFileType = sourcecode.swift; path = Animals.swift; sourceTree = "<group>"; };
		F66B212820F8AD630027D8EA /* AnimalsTableViewController.swift */ = {isa = PBXFileReference; lastKnownFileType = sourcecode.swift; path = AnimalsTableViewController.swift; sourceTree = "<group>"; };
		F66B212A20F8ADE90027D8EA /* AnimalsTableViewCell.swift */ = {isa = PBXFileReference; lastKnownFileType = sourcecode.swift; path = AnimalsTableViewCell.swift; sourceTree = "<group>"; };
		F66B212C20F8B0550027D8EA /* AnimalData.swift */ = {isa = PBXFileReference; lastKnownFileType = sourcecode.swift; path = AnimalData.swift; sourceTree = "<group>"; };
		F66B212E20FC66BE0027D8EA /* WebViewController.swift */ = {isa = PBXFileReference; lastKnownFileType = sourcecode.swift; path = WebViewController.swift; sourceTree = "<group>"; };
		F66B213020FC86B10027D8EA /* MapKit.framework */ = {isa = PBXFileReference; lastKnownFileType = wrapper.framework; name = MapKit.framework; path = System/Library/Frameworks/MapKit.framework; sourceTree = SDKROOT; };
		F66B213220FC87ED0027D8EA /* MapViewController.swift */ = {isa = PBXFileReference; lastKnownFileType = sourcecode.swift; path = MapViewController.swift; sourceTree = "<group>"; };
		FB497DD03DDAFFF4DBD3CFFD /* Pods_AnimalsNeedHome.framework */ = {isa = PBXFileReference; explicitFileType = wrapper.framework; includeInIndex = 0; path = Pods_AnimalsNeedHome.framework; sourceTree = BUILT_PRODUCTS_DIR; };
/* End PBXFileReference section */

/* Begin PBXFrameworksBuildPhase section */
		F66B210720F88E700027D8EA /* Frameworks */ = {
			isa = PBXFrameworksBuildPhase;
			buildActionMask = 2147483647;
			files = (
				F66B213120FC86B10027D8EA /* MapKit.framework in Frameworks */,
				FA3E6ED3C4359590E4979380 /* Pods_AnimalsNeedHome.framework in Frameworks */,
			);
			runOnlyForDeploymentPostprocessing = 0;
		};
/* End PBXFrameworksBuildPhase section */

/* Begin PBXGroup section */
		1C6DA1160C08EF2ECE4923AA /* Frameworks */ = {
			isa = PBXGroup;
			children = (
				F66B213020FC86B10027D8EA /* MapKit.framework */,
				FB497DD03DDAFFF4DBD3CFFD /* Pods_AnimalsNeedHome.framework */,
			);
			name = Frameworks;
			sourceTree = "<group>";
		};
		4DC7A046AAD2D44021DE59AF /* Pods */ = {
			isa = PBXGroup;
			children = (
				8F92EB4FE1958AF79179A322 /* Pods-AnimalsNeedHome.debug.xcconfig */,
				2E701BA3F711B69BD8F3D710 /* Pods-AnimalsNeedHome.release.xcconfig */,
			);
			name = Pods;
			sourceTree = "<group>";
		};
		F66B210120F88E700027D8EA = {
			isa = PBXGroup;
			children = (
				F66B210C20F88E700027D8EA /* AnimalsNeedHome */,
				F66B210B20F88E700027D8EA /* Products */,
				4DC7A046AAD2D44021DE59AF /* Pods */,
				1C6DA1160C08EF2ECE4923AA /* Frameworks */,
			);
			sourceTree = "<group>";
		};
		F66B210B20F88E700027D8EA /* Products */ = {
			isa = PBXGroup;
			children = (
				F66B210A20F88E700027D8EA /* AnimalsNeedHome.app */,
			);
			name = Products;
			sourceTree = "<group>";
		};
		F66B210C20F88E700027D8EA /* AnimalsNeedHome */ = {
			isa = PBXGroup;
			children = (
				F6113F5321C1159E00531FBE /* AnimalsNeedHome.entitlements */,
				F66B210D20F88E700027D8EA /* AppDelegate.swift */,
				F66B210F20F88E700027D8EA /* ViewController.swift */,
				F66B211120F88E700027D8EA /* Main.storyboard */,
				F66B211720F88E710027D8EA /* Assets.xcassets */,
				F66B211920F88E710027D8EA /* LaunchScreen.storyboard */,
				F66B211C20F88E710027D8EA /* Info.plist */,
				F66B211420F88E700027D8EA /* AnimalsNeedHome.xcdatamodeld */,
				F66B212220F896290027D8EA /* GenderViewController.swift */,
				F66B212420F8A3360027D8EA /* YearViewController.swift */,
				F66B212620F8A42F0027D8EA /* Animals.swift */,
				F66B212820F8AD630027D8EA /* AnimalsTableViewController.swift */,
				F66B212A20F8ADE90027D8EA /* AnimalsTableViewCell.swift */,
				F66B212C20F8B0550027D8EA /* AnimalData.swift */,
				F66B212E20FC66BE0027D8EA /* WebViewController.swift */,
				F66B213220FC87ED0027D8EA /* MapViewController.swift */,
			);
			path = AnimalsNeedHome;
			sourceTree = "<group>";
		};
/* End PBXGroup section */

/* Begin PBXNativeTarget section */
		F66B210920F88E700027D8EA /* AnimalsNeedHome */ = {
			isa = PBXNativeTarget;
			buildConfigurationList = F66B211F20F88E710027D8EA /* Build configuration list for PBXNativeTarget "AnimalsNeedHome" */;
			buildPhases = (
				5915F55C5FA81F669461B9ED /* [CP] Check Pods Manifest.lock */,
				F66B210620F88E700027D8EA /* Sources */,
				F66B210720F88E700027D8EA /* Frameworks */,
				F66B210820F88E700027D8EA /* Resources */,
				E4A5F74A4C3F31FF1124BCCD /* [CP] Embed Pods Frameworks */,
			);
			buildRules = (
			);
			dependencies = (
			);
			name = AnimalsNeedHome;
			productName = AnimalsNeedHome;
			productReference = F66B210A20F88E700027D8EA /* AnimalsNeedHome.app */;
			productType = "com.apple.product-type.application";
		};
/* End PBXNativeTarget section */

/* Begin PBXProject section */
		F66B210220F88E700027D8EA /* Project object */ = {
			isa = PBXProject;
			attributes = {
				LastSwiftUpdateCheck = 0940;
				LastUpgradeCheck = 0940;
				ORGANIZATIONNAME = "韋儒朱";
				TargetAttributes = {
					F66B210920F88E700027D8EA = {
						CreatedOnToolsVersion = 9.4.1;
						SystemCapabilities = {
							com.apple.Maps.iOS = {
								enabled = 1;
							};
							com.apple.Push = {
								enabled = 0;
							};
						};
					};
				};
			};
			buildConfigurationList = F66B210520F88E700027D8EA /* Build configuration list for PBXProject "AnimalsNeedHome" */;
			compatibilityVersion = "Xcode 9.3";
			developmentRegion = en;
			hasScannedForEncodings = 0;
			knownRegions = (
				en,
				Base,
			);
			mainGroup = F66B210120F88E700027D8EA;
			productRefGroup = F66B210B20F88E700027D8EA /* Products */;
			projectDirPath = "";
			projectRoot = "";
			targets = (
				F66B210920F88E700027D8EA /* AnimalsNeedHome */,
			);
		};
/* End PBXProject section */

/* Begin PBXResourcesBuildPhase section */
		F66B210820F88E700027D8EA /* Resources */ = {
			isa = PBXResourcesBuildPhase;
			buildActionMask = 2147483647;
			files = (
				F66B211B20F88E710027D8EA /* LaunchScreen.storyboard in Resources */,
				F66B211820F88E710027D8EA /* Assets.xcassets in Resources */,
				F66B211320F88E700027D8EA /* Main.storyboard in Resources */,
			);
			runOnlyForDeploymentPostprocessing = 0;
		};
/* End PBXResourcesBuildPhase section */

/* Begin PBXShellScriptBuildPhase section */
		5915F55C5FA81F669461B9ED /* [CP] Check Pods Manifest.lock */ = {
			isa = PBXShellScriptBuildPhase;
			buildActionMask = 2147483647;
			files = (
			);
			inputPaths = (
				"${PODS_PODFILE_DIR_PATH}/Podfile.lock",
				"${PODS_ROOT}/Manifest.lock",
			);
			name = "[CP] Check Pods Manifest.lock";
			outputPaths = (
				"$(DERIVED_FILE_DIR)/Pods-AnimalsNeedHome-checkManifestLockResult.txt",
			);
			runOnlyForDeploymentPostprocessing = 0;
			shellPath = /bin/sh;
			shellScript = "diff \"${PODS_PODFILE_DIR_PATH}/Podfile.lock\" \"${PODS_ROOT}/Manifest.lock\" > /dev/null\nif [ $? != 0 ] ; then\n    # print error to STDERR\n    echo \"error: The sandbox is not in sync with the Podfile.lock. Run 'pod install' or update your CocoaPods installation.\" >&2\n    exit 1\nfi\n# This output is used by Xcode 'outputs' to avoid re-running this script phase.\necho \"SUCCESS\" > \"${SCRIPT_OUTPUT_FILE_0}\"\n";
			showEnvVarsInLog = 0;
		};
		E4A5F74A4C3F31FF1124BCCD /* [CP] Embed Pods Frameworks */ = {
			isa = PBXShellScriptBuildPhase;
			buildActionMask = 2147483647;
			files = (
			);
			inputPaths = (
				"${SRCROOT}/Pods/Target Support Files/Pods-AnimalsNeedHome/Pods-AnimalsNeedHome-frameworks.sh",
				"${BUILT_PRODUCTS_DIR}/Alamofire/Alamofire.framework",
			);
			name = "[CP] Embed Pods Frameworks";
			outputPaths = (
				"${TARGET_BUILD_DIR}/${FRAMEWORKS_FOLDER_PATH}/Alamofire.framework",
			);
			runOnlyForDeploymentPostprocessing = 0;
			shellPath = /bin/sh;
			shellScript = "\"${SRCROOT}/Pods/Target Support Files/Pods-AnimalsNeedHome/Pods-AnimalsNeedHome-frameworks.sh\"\n";
			showEnvVarsInLog = 0;
		};
/* End PBXShellScriptBuildPhase section */

/* Begin PBXSourcesBuildPhase section */
		F66B210620F88E700027D8EA /* Sources */ = {
			isa = PBXSourcesBuildPhase;
			buildActionMask = 2147483647;
			files = (
				F66B213320FC87ED0027D8EA /* MapViewController.swift in Sources */,
				F66B211020F88E700027D8EA /* ViewController.swift in Sources */,
				F66B212D20F8B0550027D8EA /* AnimalData.swift in Sources */,
				F66B212720F8A42F0027D8EA /* Animals.swift in Sources */,
				F66B212F20FC66BE0027D8EA /* WebViewController.swift in Sources */,
				F66B212320F896290027D8EA /* GenderViewController.swift in Sources */,
				F66B211620F88E700027D8EA /* AnimalsNeedHome.xcdatamodeld in Sources */,
				F66B212920F8AD630027D8EA /* AnimalsTableViewController.swift in Sources */,
				F66B212B20F8ADE90027D8EA /* AnimalsTableViewCell.swift in Sources */,
				F66B212520F8A3360027D8EA /* YearViewController.swift in Sources */,
				F66B210E20F88E700027D8EA /* AppDelegate.swift in Sources */,
			);
			runOnlyForDeploymentPostprocessing = 0;
		};
/* End PBXSourcesBuildPhase section */

/* Begin PBXVariantGroup section */
		F66B211120F88E700027D8EA /* Main.storyboard */ = {
			isa = PBXVariantGroup;
			children = (
				F66B211220F88E700027D8EA /* Base */,
			);
			name = Main.storyboard;
			sourceTree = "<group>";
		};
		F66B211920F88E710027D8EA /* LaunchScreen.storyboard */ = {
			isa = PBXVariantGroup;
			children = (
				F66B211A20F88E710027D8EA /* Base */,
			);
			name = LaunchScreen.storyboard;
			sourceTree = "<group>";
		};
/* End PBXVariantGroup section */

/* Begin XCBuildConfiguration section */
		F66B211D20F88E710027D8EA /* Debug */ = {
			isa = XCBuildConfiguration;
			buildSettings = {
				ALWAYS_SEARCH_USER_PATHS = NO;
				CLANG_ANALYZER_NONNULL = YES;
				CLANG_ANALYZER_NUMBER_OBJECT_CONVERSION = YES_AGGRESSIVE;
				CLANG_CXX_LANGUAGE_STANDARD = "gnu++14";
				CLANG_CXX_LIBRARY = "libc++";
				CLANG_ENABLE_MODULES = YES;
				CLANG_ENABLE_OBJC_ARC = YES;
				CLANG_ENABLE_OBJC_WEAK = YES;
				CLANG_WARN_BLOCK_CAPTURE_AUTORELEASING = YES;
				CLANG_WARN_BOOL_CONVERSION = YES;
				CLANG_WARN_COMMA = YES;
				CLANG_WARN_CONSTANT_CONVERSION = YES;
				CLANG_WARN_DEPRECATED_OBJC_IMPLEMENTATIONS = YES;
				CLANG_WARN_DIRECT_OBJC_ISA_USAGE = YES_ERROR;
				CLANG_WARN_DOCUMENTATION_COMMENTS = YES;
				CLANG_WARN_EMPTY_BODY = YES;
				CLANG_WARN_ENUM_CONVERSION = YES;
				CLANG_WARN_INFINITE_RECURSION = YES;
				CLANG_WARN_INT_CONVERSION = YES;
				CLANG_WARN_NON_LITERAL_NULL_CONVERSION = YES;
				CLANG_WARN_OBJC_IMPLICIT_RETAIN_SELF = YES;
				CLANG_WARN_OBJC_LITERAL_CONVERSION = YES;
				CLANG_WARN_OBJC_ROOT_CLASS = YES_ERROR;
				CLANG_WARN_RANGE_LOOP_ANALYSIS = YES;
				CLANG_WARN_STRICT_PROTOTYPES = YES;
				CLANG_WARN_SUSPICIOUS_MOVE = YES;
				CLANG_WARN_UNGUARDED_AVAILABILITY = YES_AGGRESSIVE;
				CLANG_WARN_UNREACHABLE_CODE = YES;
				CLANG_WARN__DUPLICATE_METHOD_MATCH = YES;
				CODE_SIGN_IDENTITY = "iPhone Developer";
				COPY_PHASE_STRIP = NO;
				DEBUG_INFORMATION_FORMAT = dwarf;
				ENABLE_STRICT_OBJC_MSGSEND = YES;
				ENABLE_TESTABILITY = YES;
				GCC_C_LANGUAGE_STANDARD = gnu11;
				GCC_DYNAMIC_NO_PIC = NO;
				GCC_NO_COMMON_BLOCKS = YES;
				GCC_OPTIMIZATION_LEVEL = 0;
				GCC_PREPROCESSOR_DEFINITIONS = (
					"DEBUG=1",
					"$(inherited)",
				);
				GCC_WARN_64_TO_32_BIT_CONVERSION = YES;
				GCC_WARN_ABOUT_RETURN_TYPE = YES_ERROR;
				GCC_WARN_UNDECLARED_SELECTOR = YES;
				GCC_WARN_UNINITIALIZED_AUTOS = YES_AGGRESSIVE;
				GCC_WARN_UNUSED_FUNCTION = YES;
				GCC_WARN_UNUSED_VARIABLE = YES;
				IPHONEOS_DEPLOYMENT_TARGET = 11.4;
				MTL_ENABLE_DEBUG_INFO = YES;
				ONLY_ACTIVE_ARCH = YES;
				SDKROOT = iphoneos;
				SWIFT_ACTIVE_COMPILATION_CONDITIONS = DEBUG;
				SWIFT_OPTIMIZATION_LEVEL = "-Onone";
			};
			name = Debug;
		};
		F66B211E20F88E710027D8EA /* Release */ = {
			isa = XCBuildConfiguration;
			buildSettings = {
				ALWAYS_SEARCH_USER_PATHS = NO;
				CLANG_ANALYZER_NONNULL = YES;
				CLANG_ANALYZER_NUMBER_OBJECT_CONVERSION = YES_AGGRESSIVE;
				CLANG_CXX_LANGUAGE_STANDARD = "gnu++14";
				CLANG_CXX_LIBRARY = "libc++";
				CLANG_ENABLE_MODULES = YES;
				CLANG_ENABLE_OBJC_ARC = YES;
				CLANG_ENABLE_OBJC_WEAK = YES;
				CLANG_WARN_BLOCK_CAPTURE_AUTORELEASING = YES;
				CLANG_WARN_BOOL_CONVERSION = YES;
				CLANG_WARN_COMMA = YES;
				CLANG_WARN_CONSTANT_CONVERSION = YES;
				CLANG_WARN_DEPRECATED_OBJC_IMPLEMENTATIONS = YES;
				CLANG_WARN_DIRECT_OBJC_ISA_USAGE = YES_ERROR;
				CLANG_WARN_DOCUMENTATION_COMMENTS = YES;
				CLANG_WARN_EMPTY_BODY = YES;
				CLANG_WARN_ENUM_CONVERSION = YES;
				CLANG_WARN_INFINITE_RECURSION = YES;
				CLANG_WARN_INT_CONVERSION = YES;
				CLANG_WARN_NON_LITERAL_NULL_CONVERSION = YES;
				CLANG_WARN_OBJC_IMPLICIT_RETAIN_SELF = YES;
				CLANG_WARN_OBJC_LITERAL_CONVERSION = YES;
				CLANG_WARN_OBJC_ROOT_CLASS = YES_ERROR;
				CLANG_WARN_RANGE_LOOP_ANALYSIS = YES;
				CLANG_WARN_STRICT_PROTOTYPES = YES;
				CLANG_WARN_SUSPICIOUS_MOVE = YES;
				CLANG_WARN_UNGUARDED_AVAILABILITY = YES_AGGRESSIVE;
				CLANG_WARN_UNREACHABLE_CODE = YES;
				CLANG_WARN__DUPLICATE_METHOD_MATCH = YES;
				CODE_SIGN_IDENTITY = "iPhone Developer";
				COPY_PHASE_STRIP = NO;
				DEBUG_INFORMATION_FORMAT = "dwarf-with-dsym";
				ENABLE_NS_ASSERTIONS = NO;
				ENABLE_STRICT_OBJC_MSGSEND = YES;
				GCC_C_LANGUAGE_STANDARD = gnu11;
				GCC_NO_COMMON_BLOCKS = YES;
				GCC_WARN_64_TO_32_BIT_CONVERSION = YES;
				GCC_WARN_ABOUT_RETURN_TYPE = YES_ERROR;
				GCC_WARN_UNDECLARED_SELECTOR = YES;
				GCC_WARN_UNINITIALIZED_AUTOS = YES_AGGRESSIVE;
				GCC_WARN_UNUSED_FUNCTION = YES;
				GCC_WARN_UNUSED_VARIABLE = YES;
				IPHONEOS_DEPLOYMENT_TARGET = 11.4;
				MTL_ENABLE_DEBUG_INFO = NO;
				SDKROOT = iphoneos;
				SWIFT_COMPILATION_MODE = wholemodule;
				SWIFT_OPTIMIZATION_LEVEL = "-O";
				VALIDATE_PRODUCT = YES;
			};
			name = Release;
		};
		F66B212020F88E710027D8EA /* Debug */ = {
			isa = XCBuildConfiguration;
			baseConfigurationReference = 8F92EB4FE1958AF79179A322 /* Pods-AnimalsNeedHome.debug.xcconfig */;
			buildSettings = {
				ASSETCATALOG_COMPILER_APPICON_NAME = AppIcon;
				CODE_SIGN_STYLE = Automatic;
				DEVELOPMENT_TEAM = 4GQA76A976;
				INFOPLIST_FILE = AnimalsNeedHome/Info.plist;
				IPHONEOS_DEPLOYMENT_TARGET = 10.3;
				LD_RUNPATH_SEARCH_PATHS = (
					"$(inherited)",
					"@executable_path/Frameworks",
				);
				PRODUCT_BUNDLE_IDENTIFIER = com.james.animalsadopt;
				PRODUCT_NAME = "$(TARGET_NAME)";
				SWIFT_VERSION = 4.0;
				TARGETED_DEVICE_FAMILY = 1;
			};
			name = Debug;
		};
		F66B212120F88E710027D8EA /* Release */ = {
			isa = XCBuildConfiguration;
			baseConfigurationReference = 2E701BA3F711B69BD8F3D710 /* Pods-AnimalsNeedHome.release.xcconfig */;
			buildSettings = {
				ASSETCATALOG_COMPILER_APPICON_NAME = AppIcon;
				CODE_SIGN_STYLE = Automatic;
				DEVELOPMENT_TEAM = 4GQA76A976;
				INFOPLIST_FILE = AnimalsNeedHome/Info.plist;
				IPHONEOS_DEPLOYMENT_TARGET = 10.3;
				LD_RUNPATH_SEARCH_PATHS = (
					"$(inherited)",
					"@executable_path/Frameworks",
				);
				PRODUCT_BUNDLE_IDENTIFIER = com.james.animalsadopt;
				PRODUCT_NAME = "$(TARGET_NAME)";
				SWIFT_VERSION = 4.0;
				TARGETED_DEVICE_FAMILY = 1;
			};
			name = Release;
		};
/* End XCBuildConfiguration section */

/* Begin XCConfigurationList section */
		F66B210520F88E700027D8EA /* Build configuration list for PBXProject "AnimalsNeedHome" */ = {
			isa = XCConfigurationList;
			buildConfigurations = (
				F66B211D20F88E710027D8EA /* Debug */,
				F66B211E20F88E710027D8EA /* Release */,
			);
			defaultConfigurationIsVisible = 0;
			defaultConfigurationName = Release;
		};
		F66B211F20F88E710027D8EA /* Build configuration list for PBXNativeTarget "AnimalsNeedHome" */ = {
			isa = XCConfigurationList;
			buildConfigurations = (
				F66B212020F88E710027D8EA /* Debug */,
				F66B212120F88E710027D8EA /* Release */,
			);
			defaultConfigurationIsVisible = 0;
			defaultConfigurationName = Release;
		};
/* End XCConfigurationList section */

/* Begin XCVersionGroup section */
		F66B211420F88E700027D8EA /* AnimalsNeedHome.xcdatamodeld */ = {
			isa = XCVersionGroup;
			children = (
				F66B211520F88E700027D8EA /* AnimalsNeedHome.xcdatamodel */,
			);
			currentVersion = F66B211520F88E700027D8EA /* AnimalsNeedHome.xcdatamodel */;
			path = AnimalsNeedHome.xcdatamodeld;
			sourceTree = "<group>";
			versionGroupType = wrapper.xcdatamodel;
		};
/* End XCVersionGroup section */
	};
	rootObject = F66B210220F88E700027D8EA /* Project object */;
}
